
Microsoft Visual Studio Solution File, Format Version 12.00
# Visual Studio Version 17
VisualStudioVersion = 17.8.34511.84
MinimumVisualStudioVersion = 10.0.40219.1
Project("{FAE04EC0-301F-11D3-BF4B-00C04F79EFBC}") = "ServerChecker", "ServerChecker\ServerChecker.csproj", "{33CECEEC-E337-490A-8B15-A9DA792EC254}"
EndProject
Global
	GlobalSection(SolutionConfigurationPlatforms) = preSolution
		Debug|Any CPU = Debug|Any CPU
		Release|Any CPU = Release|Any CPU
	EndGlobalSection
	GlobalSection(ProjectConfigurationPlatforms) = postSolution
		{33CECEEC-E337-490A-8B15-A9DA792EC254}.Debug|Any CPU.ActiveCfg = Debug|Any CPU
		{33CECEEC-E337-490A-8B15-A9DA792EC254}.Debug|Any CPU.Build.0 = Debug|Any CPU
		{33CECEEC-E337-490A-8B15-A9DA792EC254}.Release|Any CPU.ActiveCfg = Release|Any CPU
		{33CECEEC-E337-490A-8B15-A9DA792EC254}.Release|Any CPU.Build.0 = Release|Any CPU
	EndGlobalSection
	GlobalSection(SolutionProperties) = preSolution
		HideSolutionNode = FALSE
	EndGlobalSection
	GlobalSection(ExtensibilityGlobals) = postSolution
		SolutionGuid = {460144C2-C2F2-444A-AD48-3033F5ADAFF1}
	EndGlobalSection
EndGlobal
